
Microsoft Visual Studio Solution File, Format Version 12.00
# Visual Studio Version 17
VisualStudioVersion = 17.4.33205.214
MinimumVisualStudioVersion = 10.0.40219.1
Project("{FAE04EC0-301F-11D3-BF4B-00C04F79EFBC}") = "WebAutomationVatanComputer", "WebAutomationVatanComputer\WebAutomationVatanComputer.csproj", "{855FF3BB-3A1F-4FF6-9906-A1F018186E0B}"
EndProject
Global
	GlobalSection(SolutionConfigurationPlatforms) = preSolution
		Debug|Any CPU = Debug|Any CPU
		Release|Any CPU = Release|Any CPU
	EndGlobalSection
	GlobalSection(ProjectConfigurationPlatforms) = postSolution
		{855FF3BB-3A1F-4FF6-9906-A1F018186E0B}.Debug|Any CPU.ActiveCfg = Debug|Any CPU
		{855FF3BB-3A1F-4FF6-9906-A1F018186E0B}.Debug|Any CPU.Build.0 = Debug|Any CPU
		{855FF3BB-3A1F-4FF6-9906-A1F018186E0B}.Release|Any CPU.ActiveCfg = Release|Any CPU
		{855FF3BB-3A1F-4FF6-9906-A1F018186E0B}.Release|Any CPU.Build.0 = Release|Any CPU
	EndGlobalSection
	GlobalSection(SolutionProperties) = preSolution
		HideSolutionNode = FALSE
	EndGlobalSection
	GlobalSection(ExtensibilityGlobals) = postSolution
		SolutionGuid = {BC76732A-D7C8-404F-8408-560894D4AA27}
	EndGlobalSection
EndGlobal
